
Microsoft Visual Studio Solution File, Format Version 11.00
# Visual Studio 2010
Project("{8BC9CEB8-8B4A-11D0-8D11-00A0C91BC942}") = "MultipleCalendars", "MultipleCalendars.vcxproj", "{CDAA2A3E-283F-4D92-AA34-61B51F3A30FF}"
EndProject
Global
	GlobalSection(SolutionConfigurationPlatforms) = preSolution
		Debug|Win32 = Debug|Win32
		Release|Win32 = Release|Win32
	EndGlobalSection
	GlobalSection(ProjectConfigurationPlatforms) = postSolution
		{CDAA2A3E-283F-4D92-AA34-61B51F3A30FF}.Debug|Win32.ActiveCfg = Debug|Win32
		{CDAA2A3E-283F-4D92-AA34-61B51F3A30FF}.Release|Win32.ActiveCfg = Release|Win32
	EndGlobalSection
	GlobalSection(SolutionProperties) = preSolution
		HideSolutionNode = FALSE
	EndGlobalSection
EndGlobal
